Microsoft Visual Studio Solution File, Format Version 12.00
# Visual Studio Version 17
VisualStudioVersion = 17.5.2.0
MinimumVisualStudioVersion = 10.0.40219.1
Project("{FAE04EC0-301F-11D3-BF4B-00C04F79EFBC}") = "PipingDiagramApp", "PipingDiagramApp.csproj", "{6F7A4713-DF00-3669-A513-4A0E6490BD02}"
EndProject
Global
	GlobalSection(SolutionConfigurationPlatforms) = preSolution
		Debug|Any CPU = Debug|Any CPU
		Release|Any CPU = Release|Any CPU
	EndGlobalSection
	GlobalSection(ProjectConfigurationPlatforms) = postSolution
		{6F7A4713-DF00-3669-A513-4A0E6490BD02}.Debug|Any CPU.ActiveCfg = Debug|Any CPU
		{6F7A4713-DF00-3669-A513-4A0E6490BD02}.Debug|Any CPU.Build.0 = Debug|Any CPU
		{6F7A4713-DF00-3669-A513-4A0E6490BD02}.Release|Any CPU.ActiveCfg = Release|Any CPU
		{6F7A4713-DF00-3669-A513-4A0E6490BD02}.Release|Any CPU.Build.0 = Release|Any CPU
	EndGlobalSection
	GlobalSection(SolutionProperties) = preSolution
		HideSolutionNode = FALSE
	EndGlobalSection
	GlobalSection(ExtensibilityGlobals) = postSolution
		SolutionGuid = {BE4F7142-4BB0-4469-AEE8-DBEDA4FD528A}
	EndGlobalSection
EndGlobal
